
Microsoft Visual Studio Solution File, Format Version 12.00
# Visual Studio Version 17
VisualStudioVersion = 17.0.32126.317
MinimumVisualStudioVersion = 10.0.40219.1
Project("{FAE04EC0-301F-11D3-BF4B-00C04F79EFBC}") = "SnesPAR", "SnesPAR.csproj", "{33252105-79A2-4ADF-84CE-F5A866A731F0}"
EndProject
Global
	GlobalSection(SolutionConfigurationPlatforms) = preSolution
		Debug|Any CPU = Debug|Any CPU
		Release|Any CPU = Release|Any CPU
	EndGlobalSection
	GlobalSection(ProjectConfigurationPlatforms) = postSolution
		{33252105-79A2-4ADF-84CE-F5A866A731F0}.Debug|Any CPU.ActiveCfg = Debug|Any CPU
		{33252105-79A2-4ADF-84CE-F5A866A731F0}.Debug|Any CPU.Build.0 = Debug|Any CPU
		{33252105-79A2-4ADF-84CE-F5A866A731F0}.Release|Any CPU.ActiveCfg = Release|Any CPU
		{33252105-79A2-4ADF-84CE-F5A866A731F0}.Release|Any CPU.Build.0 = Release|Any CPU
	EndGlobalSection
	GlobalSection(SolutionProperties) = preSolution
		HideSolutionNode = FALSE
	EndGlobalSection
	GlobalSection(ExtensibilityGlobals) = postSolution
		SolutionGuid = {3FEBA65B-9444-4E83-8FD1-3976E50C701A}
	EndGlobalSection
EndGlobal
